
Microsoft Visual Studio Solution File, Format Version 12.00
# Visual Studio Version 16
VisualStudioVersion = 16.0.30611.23
MinimumVisualStudioVersion = 10.0.40219.1
Project("{FAE04EC0-301F-11D3-BF4B-00C04F79EFBC}") = "PublicAppTest2", "PublicAppTest2\PublicAppTest2.csproj", "{985A768B-A28E-4B19-B8C7-3FCB557FF4FB}"
EndProject
Global
	GlobalSection(SolutionConfigurationPlatforms) = preSolution
		Debug|Any CPU = Debug|Any CPU
		Release|Any CPU = Release|Any CPU
	EndGlobalSection
	GlobalSection(ProjectConfigurationPlatforms) = postSolution
		{985A768B-A28E-4B19-B8C7-3FCB557FF4FB}.Debug|Any CPU.ActiveCfg = Debug|Any CPU
		{985A768B-A28E-4B19-B8C7-3FCB557FF4FB}.Debug|Any CPU.Build.0 = Debug|Any CPU
		{985A768B-A28E-4B19-B8C7-3FCB557FF4FB}.Release|Any CPU.ActiveCfg = Release|Any CPU
		{985A768B-A28E-4B19-B8C7-3FCB557FF4FB}.Release|Any CPU.Build.0 = Release|Any CPU
	EndGlobalSection
	GlobalSection(SolutionProperties) = preSolution
		HideSolutionNode = FALSE
	EndGlobalSection
	GlobalSection(ExtensibilityGlobals) = postSolution
		SolutionGuid = {02F00FF4-3963-452E-8326-965905026649}
	EndGlobalSection
EndGlobal
